
Microsoft Visual Studio Solution File, Format Version 12.00
# Visual Studio Version 17
VisualStudioVersion = 17.9.34728.123
MinimumVisualStudioVersion = 10.0.40219.1
Project("{FAE04EC0-301F-11D3-BF4B-00C04F79EFBC}") = "module10", "module10\module10.csproj", "{69062930-8AD1-43EA-AA12-1B4C290AD75E}"
EndProject
Global
	GlobalSection(SolutionConfigurationPlatforms) = preSolution
		Debug|Any CPU = Debug|Any CPU
		Release|Any CPU = Release|Any CPU
	EndGlobalSection
	GlobalSection(ProjectConfigurationPlatforms) = postSolution
		{69062930-8AD1-43EA-AA12-1B4C290AD75E}.Debug|Any CPU.ActiveCfg = Debug|Any CPU
		{69062930-8AD1-43EA-AA12-1B4C290AD75E}.Debug|Any CPU.Build.0 = Debug|Any CPU
		{69062930-8AD1-43EA-AA12-1B4C290AD75E}.Release|Any CPU.ActiveCfg = Release|Any CPU
		{69062930-8AD1-43EA-AA12-1B4C290AD75E}.Release|Any CPU.Build.0 = Release|Any CPU
	EndGlobalSection
	GlobalSection(SolutionProperties) = preSolution
		HideSolutionNode = FALSE
	EndGlobalSection
	GlobalSection(ExtensibilityGlobals) = postSolution
		SolutionGuid = {91822A3E-E0D8-4E71-A522-28ABEE05C5CA}
	EndGlobalSection
EndGlobal
